
Microsoft Visual Studio Solution File, Format Version 12.00
# Visual Studio 15
VisualStudioVersion = 15.0.28307.645
MinimumVisualStudioVersion = 10.0.40219.1
Project("{888888A0-9F3D-457C-B088-3A5042F75D52}") = "AdHocFaresIndexGrouping", "AdHocFaresIndexGrouping\AdHocFaresIndexGrouping.pyproj", "{17633215-8F16-4030-A6D0-9003AB03E502}"
EndProject
Global
	GlobalSection(SolutionConfigurationPlatforms) = preSolution
		Debug|Any CPU = Debug|Any CPU
		Release|Any CPU = Release|Any CPU
	EndGlobalSection
	GlobalSection(ProjectConfigurationPlatforms) = postSolution
		{17633215-8F16-4030-A6D0-9003AB03E502}.Debug|Any CPU.ActiveCfg = Debug|Any CPU
		{17633215-8F16-4030-A6D0-9003AB03E502}.Release|Any CPU.ActiveCfg = Release|Any CPU
	EndGlobalSection
	GlobalSection(SolutionProperties) = preSolution
		HideSolutionNode = FALSE
	EndGlobalSection
	GlobalSection(ExtensibilityGlobals) = postSolution
		SolutionGuid = {EE718688-DF3E-45DE-B6C3-7812D46181A2}
	EndGlobalSection
EndGlobal
